
Microsoft Visual Studio Solution File, Format Version 12.00
# Visual Studio Version 17
VisualStudioVersion = 17.2.32630.192
MinimumVisualStudioVersion = 10.0.40219.1
Project("{FAE04EC0-301F-11D3-BF4B-00C04F79EFBC}") = "RegisterAndLoginApp", "RegisterAndLoginApp\RegisterAndLoginApp.csproj", "{2FA25184-4F5F-4A6C-9BCC-CCDD42724588}"
EndProject
Global
	GlobalSection(SolutionConfigurationPlatforms) = preSolution
		Debug|Any CPU = Debug|Any CPU
		Release|Any CPU = Release|Any CPU
	EndGlobalSection
	GlobalSection(ProjectConfigurationPlatforms) = postSolution
		{2FA25184-4F5F-4A6C-9BCC-CCDD42724588}.Debug|Any CPU.ActiveCfg = Debug|Any CPU
		{2FA25184-4F5F-4A6C-9BCC-CCDD42724588}.Debug|Any CPU.Build.0 = Debug|Any CPU
		{2FA25184-4F5F-4A6C-9BCC-CCDD42724588}.Release|Any CPU.ActiveCfg = Release|Any CPU
		{2FA25184-4F5F-4A6C-9BCC-CCDD42724588}.Release|Any CPU.Build.0 = Release|Any CPU
	EndGlobalSection
	GlobalSection(SolutionProperties) = preSolution
		HideSolutionNode = FALSE
	EndGlobalSection
	GlobalSection(ExtensibilityGlobals) = postSolution
		SolutionGuid = {83682A2B-BAF4-4F0F-A2FC-8843258B34F4}
	EndGlobalSection
EndGlobal
